
Microsoft Visual Studio Solution File, Format Version 12.00
# Visual Studio Version 17
VisualStudioVersion = 17.7.34031.279
MinimumVisualStudioVersion = 10.0.40219.1
Project("{FAE04EC0-301F-11D3-BF4B-00C04F79EFBC}") = "CAGeneric_Delegate", "CAGeneric_Delegate.csproj", "{EE3ADF47-9AE1-40BF-991B-3E1EAE6CE20F}"
EndProject
Global
	GlobalSection(SolutionConfigurationPlatforms) = preSolution
		Debug|Any CPU = Debug|Any CPU
		Release|Any CPU = Release|Any CPU
	EndGlobalSection
	GlobalSection(ProjectConfigurationPlatforms) = postSolution
		{EE3ADF47-9AE1-40BF-991B-3E1EAE6CE20F}.Debug|Any CPU.ActiveCfg = Debug|Any CPU
		{EE3ADF47-9AE1-40BF-991B-3E1EAE6CE20F}.Debug|Any CPU.Build.0 = Debug|Any CPU
		{EE3ADF47-9AE1-40BF-991B-3E1EAE6CE20F}.Release|Any CPU.ActiveCfg = Release|Any CPU
		{EE3ADF47-9AE1-40BF-991B-3E1EAE6CE20F}.Release|Any CPU.Build.0 = Release|Any CPU
	EndGlobalSection
	GlobalSection(SolutionProperties) = preSolution
		HideSolutionNode = FALSE
	EndGlobalSection
	GlobalSection(ExtensibilityGlobals) = postSolution
		SolutionGuid = {5426AAA4-BA73-40BA-BF6D-73D5277E16D7}
	EndGlobalSection
EndGlobal
